
Microsoft Visual Studio Solution File, Format Version 12.00
# Visual Studio 15
VisualStudioVersion = 15.0.28307.168
MinimumVisualStudioVersion = 10.0.40219.1
Project("{9A19103F-16F7-4668-BE54-9A1E7A4F7556}") = "Uiza.Net", "Uiza.Net\Uiza.Net.csproj", "{C5482791-72E6-4A4A-85B1-6EAF53A9225E}"
EndProject
Project("{FAE04EC0-301F-11D3-BF4B-00C04F79EFBC}") = "Uiza.Net45.ConsoleTest", "Uiza.Net45.Console\Uiza.Net45.ConsoleTest.csproj", "{88E12542-2C70-4A51-8835-25685EC3636A}"
EndProject
Project("{9A19103F-16F7-4668-BE54-9A1E7A4F7556}") = "Uiza.NetCore.ConsoleTest", "Uiza.NetCore.Console\Uiza.NetCore.ConsoleTest.csproj", "{E9EFB304-F014-4478-87F1-47E35294AB24}"
EndProject
Project("{9A19103F-16F7-4668-BE54-9A1E7A4F7556}") = "UizaTest", "UizaTest\UizaTest.csproj", "{757F5E46-BC45-4E07-814F-8DAB0E7240B7}"
EndProject
Project("{2150E333-8FDC-42A3-9474-1A3956D46DE8}") = "Solution Items", "Solution Items", "{91CB78BC-6817-4F34-B12E-4B19AE50E130}"
	ProjectSection(SolutionItems) = preProject
		..\LICENSE.txt = ..\LICENSE.txt
	EndProjectSection
EndProject
Global
	GlobalSection(SolutionConfigurationPlatforms) = preSolution
		Debug|Any CPU = Debug|Any CPU
		Release|Any CPU = Release|Any CPU
	EndGlobalSection
	GlobalSection(ProjectConfigurationPlatforms) = postSolution
		{C5482791-72E6-4A4A-85B1-6EAF53A9225E}.Debug|Any CPU.ActiveCfg = Debug|Any CPU
		{C5482791-72E6-4A4A-85B1-6EAF53A9225E}.Debug|Any CPU.Build.0 = Debug|Any CPU
		{C5482791-72E6-4A4A-85B1-6EAF53A9225E}.Release|Any CPU.ActiveCfg = Release|Any CPU
		{C5482791-72E6-4A4A-85B1-6EAF53A9225E}.Release|Any CPU.Build.0 = Release|Any CPU
		{88E12542-2C70-4A51-8835-25685EC3636A}.Debug|Any CPU.ActiveCfg = Debug|Any CPU
		{88E12542-2C70-4A51-8835-25685EC3636A}.Debug|Any CPU.Build.0 = Debug|Any CPU
		{88E12542-2C70-4A51-8835-25685EC3636A}.Release|Any CPU.ActiveCfg = Release|Any CPU
		{88E12542-2C70-4A51-8835-25685EC3636A}.Release|Any CPU.Build.0 = Release|Any CPU
		{E9EFB304-F014-4478-87F1-47E35294AB24}.Debug|Any CPU.ActiveCfg = Debug|Any CPU
		{E9EFB304-F014-4478-87F1-47E35294AB24}.Debug|Any CPU.Build.0 = Debug|Any CPU
		{E9EFB304-F014-4478-87F1-47E35294AB24}.Release|Any CPU.ActiveCfg = Release|Any CPU
		{E9EFB304-F014-4478-87F1-47E35294AB24}.Release|Any CPU.Build.0 = Release|Any CPU
		{757F5E46-BC45-4E07-814F-8DAB0E7240B7}.Debug|Any CPU.ActiveCfg = Debug|Any CPU
		{757F5E46-BC45-4E07-814F-8DAB0E7240B7}.Debug|Any CPU.Build.0 = Debug|Any CPU
		{757F5E46-BC45-4E07-814F-8DAB0E7240B7}.Release|Any CPU.ActiveCfg = Release|Any CPU
		{757F5E46-BC45-4E07-814F-8DAB0E7240B7}.Release|Any CPU.Build.0 = Release|Any CPU
	EndGlobalSection
	GlobalSection(SolutionProperties) = preSolution
		HideSolutionNode = FALSE
	EndGlobalSection
	GlobalSection(ExtensibilityGlobals) = postSolution
		SolutionGuid = {DEEF0246-E5F7-477A-BAA1-F037C695123E}
	EndGlobalSection
EndGlobal
